
Microsoft Visual Studio Solution File, Format Version 12.00
# Visual Studio 2015
Project("{FAE04EC0-301F-11D3-BF4B-00C04F79EFBC}") = "Humanoid.CSharp.Plugins", "Humanoid.CSharp.Plugins.csproj", "{0165F655-F0CF-5153-F2FC-A87DC52EBC1A}"
EndProject
Project("{FAE04EC0-301F-11D3-BF4B-00C04F79EFBC}") = "Humanoid.CSharp", "Humanoid.CSharp.csproj", "{4F022E0F-5B0E-8B89-1438-D147B72D47D0}"
EndProject
Project("{FAE04EC0-301F-11D3-BF4B-00C04F79EFBC}") = "Humanoid.CSharp.Editor", "Humanoid.CSharp.Editor.csproj", "{3CC8440A-9CB1-FCAC-81D8-EAE8FE7016D4}"
EndProject
Global
	GlobalSection(SolutionConfigurationPlatforms) = preSolution
		Debug|Any CPU = Debug|Any CPU
		Release|Any CPU = Release|Any CPU
	EndGlobalSection
	GlobalSection(ProjectConfigurationPlatforms) = postSolution
		{0165F655-F0CF-5153-F2FC-A87DC52EBC1A}.Debug|Any CPU.ActiveCfg = Debug|Any CPU
		{0165F655-F0CF-5153-F2FC-A87DC52EBC1A}.Debug|Any CPU.Build.0 = Debug|Any CPU
		{0165F655-F0CF-5153-F2FC-A87DC52EBC1A}.Release|Any CPU.ActiveCfg = Release|Any CPU
		{0165F655-F0CF-5153-F2FC-A87DC52EBC1A}.Release|Any CPU.Build.0 = Release|Any CPU
		{4F022E0F-5B0E-8B89-1438-D147B72D47D0}.Debug|Any CPU.ActiveCfg = Debug|Any CPU
		{4F022E0F-5B0E-8B89-1438-D147B72D47D0}.Debug|Any CPU.Build.0 = Debug|Any CPU
		{4F022E0F-5B0E-8B89-1438-D147B72D47D0}.Release|Any CPU.ActiveCfg = Release|Any CPU
		{4F022E0F-5B0E-8B89-1438-D147B72D47D0}.Release|Any CPU.Build.0 = Release|Any CPU
		{3CC8440A-9CB1-FCAC-81D8-EAE8FE7016D4}.Debug|Any CPU.ActiveCfg = Debug|Any CPU
		{3CC8440A-9CB1-FCAC-81D8-EAE8FE7016D4}.Debug|Any CPU.Build.0 = Debug|Any CPU
		{3CC8440A-9CB1-FCAC-81D8-EAE8FE7016D4}.Release|Any CPU.ActiveCfg = Release|Any CPU
		{3CC8440A-9CB1-FCAC-81D8-EAE8FE7016D4}.Release|Any CPU.Build.0 = Release|Any CPU
	EndGlobalSection
	GlobalSection(SolutionProperties) = preSolution
		HideSolutionNode = FALSE
	EndGlobalSection
EndGlobal
